
Microsoft Visual Studio Solution File, Format Version 12.00
# Visual Studio Version 17
VisualStudioVersion = 17.14.36603.0 d17.14
MinimumVisualStudioVersion = 10.0.40219.1
Project("{FAE04EC0-301F-11D3-BF4B-00C04F79EFBC}") = "DreamCupCakes", "DreamCupCakes\DreamCupCakes.csproj", "{7375A29B-813A-49AC-9A1E-6E65FC4F0AA5}"
EndProject
Global
	GlobalSection(SolutionConfigurationPlatforms) = preSolution
		Debug|Any CPU = Debug|Any CPU
		Release|Any CPU = Release|Any CPU
	EndGlobalSection
	GlobalSection(ProjectConfigurationPlatforms) = postSolution
		{7375A29B-813A-49AC-9A1E-6E65FC4F0AA5}.Debug|Any CPU.ActiveCfg = Debug|Any CPU
		{7375A29B-813A-49AC-9A1E-6E65FC4F0AA5}.Debug|Any CPU.Build.0 = Debug|Any CPU
		{7375A29B-813A-49AC-9A1E-6E65FC4F0AA5}.Release|Any CPU.ActiveCfg = Release|Any CPU
		{7375A29B-813A-49AC-9A1E-6E65FC4F0AA5}.Release|Any CPU.Build.0 = Release|Any CPU
	EndGlobalSection
	GlobalSection(SolutionProperties) = preSolution
		HideSolutionNode = FALSE
	EndGlobalSection
	GlobalSection(ExtensibilityGlobals) = postSolution
		SolutionGuid = {3F74DE08-FF6E-44FC-AF0C-50E11375C6FA}
	EndGlobalSection
EndGlobal
